// !$*UTF8*$!
{
	archiveVersion = 1;
	classes = {
	};
	objectVersion = 48;
	objects = {

/* Begin PBXBuildFile section */
		5BF1B3581F9D8021007817D0 /* AppDelegate.swift in Sources */ = {isa = PBXBuildFile; fileRef = 5BF1B3571F9D8021007817D0 /* AppDelegate.swift */; };
		5BF1B35A1F9D8021007817D0 /* ViewController.swift in Sources */ = {isa = PBXBuildFile; fileRef = 5BF1B3591F9D8021007817D0 /* ViewController.swift */; };
		5BF1B35D1F9D8021007817D0 /* Main.storyboard in Resources */ = {isa = PBXBuildFile; fileRef = 5BF1B35B1F9D8021007817D0 /* Main.storyboard */; };
		5BF1B35F1F9D8021007817D0 /* Assets.xcassets in Resources */ = {isa = PBXBuildFile; fileRef = 5BF1B35E1F9D8021007817D0 /* Assets.xcassets */; };
		5BF1B3621F9D8021007817D0 /* LaunchScreen.storyboard in Resources */ = {isa = PBXBuildFile; fileRef = 5BF1B3601F9D8021007817D0 /* LaunchScreen.storyboard */; };
		5BF1B36D1F9D8021007817D0 /* TodayNewsTests.swift in Sources */ = {isa = PBXBuildFile; fileRef = 5BF1B36C1F9D8021007817D0 /* TodayNewsTests.swift */; };
		5BF1B3781F9D8021007817D0 /* TodayNewsUITests.swift in Sources */ = {isa = PBXBuildFile; fileRef = 5BF1B3771F9D8021007817D0 /* TodayNewsUITests.swift */; };
/* End PBXBuildFile section */

/* Begin PBXContainerItemProxy section */
		5BF1B3691F9D8021007817D0 /* PBXContainerItemProxy */ = {
			isa = PBXContainerItemProxy;
			containerPortal = 5BF1B34C1F9D8021007817D0 /* Project object */;
			proxyType = 1;
			remoteGlobalIDString = 5BF1B3531F9D8021007817D0;
			remoteInfo = TodayNews;
		};
		5BF1B3741F9D8021007817D0 /* PBXContainerItemProxy */ = {
			isa = PBXContainerItemProxy;
			containerPortal = 5BF1B34C1F9D8021007817D0 /* Project object */;
			proxyType = 1;
			remoteGlobalIDString = 5BF1B3531F9D8021007817D0;
			remoteInfo = TodayNews;
		};
/* End PBXContainerItemProxy section */

/* Begin PBXFileReference section */
		5BF1B3541F9D8021007817D0 /* TodayNews.app */ = {isa = PBXFileReference; explicitFileType = wrapper.application; includeInIndex = 0; path = TodayNews.app; sourceTree = BUILT_PRODUCTS_DIR; };
		5BF1B3571F9D8021007817D0 /* AppDelegate.swift */ = {isa = PBXFileReference; lastKnownFileType = sourcecode.swift; path = AppDelegate.swift; sourceTree = "<group>"; };
		5BF1B3591F9D8021007817D0 /* ViewController.swift */ = {isa = PBXFileReference; lastKnownFileType = sourcecode.swift; path = ViewController.swift; sourceTree = "<group>"; };
		5BF1B35C1F9D8021007817D0 /* Base */ = {isa = PBXFileReference; lastKnownFileType = file.storyboard; name = Base; path = Base.lproj/Main.storyboard; sourceTree = "<group>"; };
		5BF1B35E1F9D8021007817D0 /* Assets.xcassets */ = {isa = PBXFileReference; lastKnownFileType = folder.assetcatalog; path = Assets.xcassets; sourceTree = "<group>"; };
		5BF1B3611F9D8021007817D0 /* Base */ = {isa = PBXFileReference; lastKnownFileType = file.storyboard; name = Base; path = Base.lproj/LaunchScreen.storyboard; sourceTree = "<group>"; };
		5BF1B3631F9D8021007817D0 /* Info.plist */ = {isa = PBXFileReference; lastKnownFileType = text.plist.xml; path = Info.plist; sourceTree = "<group>"; };
		5BF1B3681F9D8021007817D0 /* TodayNewsTests.xctest */ = {isa = PBXFileReference; explicitFileType = wrapper.cfbundle; includeInIndex = 0; path = TodayNewsTests.xctest; sourceTree = BUILT_PRODUCTS_DIR; };
		5BF1B36C1F9D8021007817D0 /* TodayNewsTests.swift */ = {isa = PBXFileReference; lastKnownFileType = sourcecode.swift; path = TodayNewsTests.swift; sourceTree = "<group>"; };
		5BF1B36E1F9D8021007817D0 /* Info.plist */ = {isa = PBXFileReference; lastKnownFileType = text.plist.xml; path = Info.plist; sourceTree = "<group>"; };
		5BF1B3731F9D8021007817D0 /* TodayNewsUITests.xctest */ = {isa = PBXFileReference; explicitFileType = wrapper.cfbundle; includeInIndex = 0; path = TodayNewsUITests.xctest; sourceTree = BUILT_PRODUCTS_DIR; };
		5BF1B3771F9D8021007817D0 /* TodayNewsUITests.swift */ = {isa = PBXFileReference; lastKnownFileType = sourcecode.swift; path = TodayNewsUITests.swift; sourceTree = "<group>"; };
		5BF1B3791F9D8021007817D0 /* Info.plist */ = {isa = PBXFileReference; lastKnownFileType = text.plist.xml; path = Info.plist; sourceTree = "<group>"; };
/* End PBXFileReference section */

/* Begin PBXFrameworksBuildPhase section */
		5BF1B3511F9D8021007817D0 /* Frameworks */ = {
			isa = PBXFrameworksBuildPhase;
			buildActionMask = 2147483647;
			files = (
			);
			runOnlyForDeploymentPostprocessing = 0;
		};
		5BF1B3651F9D8021007817D0 /* Frameworks */ = {
			isa = PBXFrameworksBuildPhase;
			buildActionMask = 2147483647;
			files = (
			);
			runOnlyForDeploymentPostprocessing = 0;
		};
		5BF1B3701F9D8021007817D0 /* Frameworks */ = {
			isa = PBXFrameworksBuildPhase;
			buildActionMask = 2147483647;
			files = (
			);
			runOnlyForDeploymentPostprocessing = 0;
		};
/* End PBXFrameworksBuildPhase section */

/* Begin PBXGroup section */
		5BF1B34B1F9D8021007817D0 = {
			isa = PBXGroup;
			children = (
				5BF1B3561F9D8021007817D0 /* TodayNews */,
				5BF1B36B1F9D8021007817D0 /* TodayNewsTests */,
				5BF1B3761F9D8021007817D0 /* TodayNewsUITests */,
				5BF1B3551F9D8021007817D0 /* Products */,
			);
			sourceTree = "<group>";
		};
		5BF1B3551F9D8021007817D0 /* Products */ = {
			isa = PBXGroup;
			children = (
				5BF1B3541F9D8021007817D0 /* TodayNews.app */,
				5BF1B3681F9D8021007817D0 /* TodayNewsTests.xctest */,
				5BF1B3731F9D8021007817D0 /* TodayNewsUITests.xctest */,
			);
			name = Products;
			sourceTree = "<group>";
		};
		5BF1B3561F9D8021007817D0 /* TodayNews */ = {
			isa = PBXGroup;
			children = (
				5BF1B3571F9D8021007817D0 /* AppDelegate.swift */,
				5BF1B3591F9D8021007817D0 /* ViewController.swift */,
				5BF1B35B1F9D8021007817D0 /* Main.storyboard */,
				5BF1B35E1F9D8021007817D0 /* Assets.xcassets */,
				5BF1B3601F9D8021007817D0 /* LaunchScreen.storyboard */,
				5BF1B3631F9D8021007817D0 /* Info.plist */,
			);
			path = TodayNews;
			sourceTree = "<group>";
		};
		5BF1B36B1F9D8021007817D0 /* TodayNewsTests */ = {
			isa = PBXGroup;
			children = (
				5BF1B36C1F9D8021007817D0 /* TodayNewsTests.swift */,
				5BF1B36E1F9D8021007817D0 /* Info.plist */,
			);
			path = TodayNewsTests;
			sourceTree = "<group>";
		};
		5BF1B3761F9D8021007817D0 /* TodayNewsUITests */ = {
			isa = PBXGroup;
			children = (
				5BF1B3771F9D8021007817D0 /* TodayNewsUITests.swift */,
				5BF1B3791F9D8021007817D0 /* Info.plist */,
			);
			path = TodayNewsUITests;
			sourceTree = "<group>";
		};
/* End PBXGroup section */

/* Begin PBXNativeTarget section */
		5BF1B3531F9D8021007817D0 /* TodayNews */ = {
			isa = PBXNativeTarget;
			buildConfigurationList = 5BF1B37C1F9D8021007817D0 /* Build configuration list for PBXNativeTarget "TodayNews" */;
			buildPhases = (
				5BF1B3501F9D8021007817D0 /* Sources */,
				5BF1B3511F9D8021007817D0 /* Frameworks */,
				5BF1B3521F9D8021007817D0 /* Resources */,
			);
			buildRules = (
			);
			dependencies = (
			);
			name = TodayNews;
			productName = TodayNews;
			productReference = 5BF1B3541F9D8021007817D0 /* TodayNews.app */;
			productType = "com.apple.product-type.application";
		};
		5BF1B3671F9D8021007817D0 /* TodayNewsTests */ = {
			isa = PBXNativeTarget;
			buildConfigurationList = 5BF1B37F1F9D8021007817D0 /* Build configuration list for PBXNativeTarget "TodayNewsTests" */;
			buildPhases = (
				5BF1B3641F9D8021007817D0 /* Sources */,
				5BF1B3651F9D8021007817D0 /* Frameworks */,
				5BF1B3661F9D8021007817D0 /* Resources */,
			);
			buildRules = (
			);
			dependencies = (
				5BF1B36A1F9D8021007817D0 /* PBXTargetDependency */,
			);
			name = TodayNewsTests;
			productName = TodayNewsTests;
			productReference = 5BF1B3681F9D8021007817D0 /* TodayNewsTests.xctest */;
			productType = "com.apple.product-type.bundle.unit-test";
		};
		5BF1B3721F9D8021007817D0 /* TodayNewsUITests */ = {
			isa = PBXNativeTarget;
			buildConfigurationList = 5BF1B3821F9D8021007817D0 /* Build configuration list for PBXNativeTarget "TodayNewsUITests" */;
			buildPhases = (
				5BF1B36F1F9D8021007817D0 /* Sources */,
				5BF1B3701F9D8021007817D0 /* Frameworks */,
				5BF1B3711F9D8021007817D0 /* Resources */,
			);
			buildRules = (
			);
			dependencies = (
				5BF1B3751F9D8021007817D0 /* PBXTargetDependency */,
			);
			name = TodayNewsUITests;
			productName = TodayNewsUITests;
			productReference = 5BF1B3731F9D8021007817D0 /* TodayNewsUITests.xctest */;
			productType = "com.apple.product-type.bundle.ui-testing";
		};
/* End PBXNativeTarget section */

/* Begin PBXProject section */
		5BF1B34C1F9D8021007817D0 /* Project object */ = {
			isa = PBXProject;
			attributes = {
				LastSwiftUpdateCheck = 0900;
				LastUpgradeCheck = 0900;
				ORGANIZATIONNAME = "郭振礼";
				TargetAttributes = {
					5BF1B3531F9D8021007817D0 = {
						CreatedOnToolsVersion = 9.0.1;
						ProvisioningStyle = Automatic;
					};
					5BF1B3671F9D8021007817D0 = {
						CreatedOnToolsVersion = 9.0.1;
						ProvisioningStyle = Automatic;
						TestTargetID = 5BF1B3531F9D8021007817D0;
					};
					5BF1B3721F9D8021007817D0 = {
						CreatedOnToolsVersion = 9.0.1;
						ProvisioningStyle = Automatic;
						TestTargetID = 5BF1B3531F9D8021007817D0;
					};
				};
			};
			buildConfigurationList = 5BF1B34F1F9D8021007817D0 /* Build configuration list for PBXProject "TodayNews" */;
			compatibilityVersion = "Xcode 8.0";
			developmentRegion = en;
			hasScannedForEncodings = 0;
			knownRegions = (
				en,
				Base,
			);
			mainGroup = 5BF1B34B1F9D8021007817D0;
			productRefGroup = 5BF1B3551F9D8021007817D0 /* Products */;
			projectDirPath = "";
			projectRoot = "";
			targets = (
				5BF1B3531F9D8021007817D0 /* TodayNews */,
				5BF1B3671F9D8021007817D0 /* TodayNewsTests */,
				5BF1B3721F9D8021007817D0 /* TodayNewsUITests */,
			);
		};
/* End PBXProject section */

/* Begin PBXResourcesBuildPhase section */
		5BF1B3521F9D8021007817D0 /* Resources */ = {
			isa = PBXResourcesBuildPhase;
			buildActionMask = 2147483647;
			files = (
				5BF1B3621F9D8021007817D0 /* LaunchScreen.storyboard in Resources */,
				5BF1B35F1F9D8021007817D0 /* Assets.xcassets in Resources */,
				5BF1B35D1F9D8021007817D0 /* Main.storyboard in Resources */,
			);
			runOnlyForDeploymentPostprocessing = 0;
		};
		5BF1B3661F9D8021007817D0 /* Resources */ = {
			isa = PBXResourcesBuildPhase;
			buildActionMask = 2147483647;
			files = (
			);
			runOnlyForDeploymentPostprocessing = 0;
		};
		5BF1B3711F9D8021007817D0 /* Resources */ = {
			isa = PBXResourcesBuildPhase;
			buildActionMask = 2147483647;
			files = (
			);
			runOnlyForDeploymentPostprocessing = 0;
		};
/* End PBXResourcesBuildPhase section */

/* Begin PBXSourcesBuildPhase section */
		5BF1B3501F9D8021007817D0 /* Sources */ = {
			isa = PBXSourcesBuildPhase;
			buildActionMask = 2147483647;
			files = (
				5BF1B35A1F9D8021007817D0 /* ViewController.swift in Sources */,
				5BF1B3581F9D8021007817D0 /* AppDelegate.swift in Sources */,
			);
			runOnlyForDeploymentPostprocessing = 0;
		};
		5BF1B3641F9D8021007817D0 /* Sources */ = {
			isa = PBXSourcesBuildPhase;
			buildActionMask = 2147483647;
			files = (
				5BF1B36D1F9D8021007817D0 /* TodayNewsTests.swift in Sources */,
			);
			runOnlyForDeploymentPostprocessing = 0;
		};
		5BF1B36F1F9D8021007817D0 /* Sources */ = {
			isa = PBXSourcesBuildPhase;
			buildActionMask = 2147483647;
			files = (
				5BF1B3781F9D8021007817D0 /* TodayNewsUITests.swift in Sources */,
			);
			runOnlyForDeploymentPostprocessing = 0;
		};
/* End PBXSourcesBuildPhase section */

/* Begin PBXTargetDependency section */
		5BF1B36A1F9D8021007817D0 /* PBXTargetDependency */ = {
			isa = PBXTargetDependency;
			target = 5BF1B3531F9D8021007817D0 /* TodayNews */;
			targetProxy = 5BF1B3691F9D8021007817D0 /* PBXContainerItemProxy */;
		};
		5BF1B3751F9D8021007817D0 /* PBXTargetDependency */ = {
			isa = PBXTargetDependency;
			target = 5BF1B3531F9D8021007817D0 /* TodayNews */;
			targetProxy = 5BF1B3741F9D8021007817D0 /* PBXContainerItemProxy */;
		};
/* End PBXTargetDependency section */

/* Begin PBXVariantGroup section */
		5BF1B35B1F9D8021007817D0 /* Main.storyboard */ = {
			isa = PBXVariantGroup;
			children = (
				5BF1B35C1F9D8021007817D0 /* Base */,
			);
			name = Main.storyboard;
			sourceTree = "<group>";
		};
		5BF1B3601F9D8021007817D0 /* LaunchScreen.storyboard */ = {
			isa = PBXVariantGroup;
			children = (
				5BF1B3611F9D8021007817D0 /* Base */,
			);
			name = LaunchScreen.storyboard;
			sourceTree = "<group>";
		};
/* End PBXVariantGroup section */

/* Begin XCBuildConfiguration section */
		5BF1B37A1F9D8021007817D0 /* Debug */ = {
			isa = XCBuildConfiguration;
			buildSettings = {
				ALWAYS_SEARCH_USER_PATHS = NO;
				CLANG_ANALYZER_NONNULL = YES;
				CLANG_ANALYZER_NUMBER_OBJECT_CONVERSION = YES_AGGRESSIVE;
				CLANG_CXX_LANGUAGE_STANDARD = "gnu++14";
				CLANG_CXX_LIBRARY = "libc++";
				CLANG_ENABLE_MODULES = YES;
				CLANG_ENABLE_OBJC_ARC = YES;
				CLANG_WARN_BLOCK_CAPTURE_AUTORELEASING = YES;
				CLANG_WARN_BOOL_CONVERSION = YES;
				CLANG_WARN_COMMA = YES;
				CLANG_WARN_CONSTANT_CONVERSION = YES;
				CLANG_WARN_DIRECT_OBJC_ISA_USAGE = YES_ERROR;
				CLANG_WARN_DOCUMENTATION_COMMENTS = YES;
				CLANG_WARN_EMPTY_BODY = YES;
				CLANG_WARN_ENUM_CONVERSION = YES;
				CLANG_WARN_INFINITE_RECURSION = YES;
				CLANG_WARN_INT_CONVERSION = YES;
				CLANG_WARN_NON_LITERAL_NULL_CONVERSION = YES;
				CLANG_WARN_OBJC_LITERAL_CONVERSION = YES;
				CLANG_WARN_OBJC_ROOT_CLASS = YES_ERROR;
				CLANG_WARN_RANGE_LOOP_ANALYSIS = YES;
				CLANG_WARN_STRICT_PROTOTYPES = YES;
				CLANG_WARN_SUSPICIOUS_MOVE = YES;
				CLANG_WARN_UNGUARDED_AVAILABILITY = YES_AGGRESSIVE;
				CLANG_WARN_UNREACHABLE_CODE = YES;
				CLANG_WARN__DUPLICATE_METHOD_MATCH = YES;
				CODE_SIGN_IDENTITY = "iPhone Developer";
				COPY_PHASE_STRIP = NO;
				DEBUG_INFORMATION_FORMAT = dwarf;
				ENABLE_STRICT_OBJC_MSGSEND = YES;
				ENABLE_TESTABILITY = YES;
				GCC_C_LANGUAGE_STANDARD = gnu11;
				GCC_DYNAMIC_NO_PIC = NO;
				GCC_NO_COMMON_BLOCKS = YES;
				GCC_OPTIMIZATION_LEVEL = 0;
				GCC_PREPROCESSOR_DEFINITIONS = (
					"DEBUG=1",
					"$(inherited)",
				);
				GCC_WARN_64_TO_32_BIT_CONVERSION = YES;
				GCC_WARN_ABOUT_RETURN_TYPE = YES_ERROR;
				GCC_WARN_UNDECLARED_SELECTOR = YES;
				GCC_WARN_UNINITIALIZED_AUTOS = YES_AGGRESSIVE;
				GCC_WARN_UNUSED_FUNCTION = YES;
				GCC_WARN_UNUSED_VARIABLE = YES;
				IPHONEOS_DEPLOYMENT_TARGET = 11.0;
				MTL_ENABLE_DEBUG_INFO = YES;
				ONLY_ACTIVE_ARCH = YES;
				SDKROOT = iphoneos;
				SWIFT_ACTIVE_COMPILATION_CONDITIONS = DEBUG;
				SWIFT_OPTIMIZATION_LEVEL = "-Onone";
			};
			name = Debug;
		};
		5BF1B37B1F9D8021007817D0 /* Release */ = {
			isa = XCBuildConfiguration;
			buildSettings = {
				ALWAYS_SEARCH_USER_PATHS = NO;
				CLANG_ANALYZER_NONNULL = YES;
				CLANG_ANALYZER_NUMBER_OBJECT_CONVERSION = YES_AGGRESSIVE;
				CLANG_CXX_LANGUAGE_STANDARD = "gnu++14";
				CLANG_CXX_LIBRARY = "libc++";
				CLANG_ENABLE_MODULES = YES;
				CLANG_ENABLE_OBJC_ARC = YES;
				CLANG_WARN_BLOCK_CAPTURE_AUTORELEASING = YES;
				CLANG_WARN_BOOL_CONVERSION = YES;
				CLANG_WARN_COMMA = YES;
				CLANG_WARN_CONSTANT_CONVERSION = YES;
				CLANG_WARN_DIRECT_OBJC_ISA_USAGE = YES_ERROR;
				CLANG_WARN_DOCUMENTATION_COMMENTS = YES;
				CLANG_WARN_EMPTY_BODY = YES;
				CLANG_WARN_ENUM_CONVERSION = YES;
				CLANG_WARN_INFINITE_RECURSION = YES;
				CLANG_WARN_INT_CONVERSION = YES;
				CLANG_WARN_NON_LITERAL_NULL_CONVERSION = YES;
				CLANG_WARN_OBJC_LITERAL_CONVERSION = YES;
				CLANG_WARN_OBJC_ROOT_CLASS = YES_ERROR;
				CLANG_WARN_RANGE_LOOP_ANALYSIS = YES;
				CLANG_WARN_STRICT_PROTOTYPES = YES;
				CLANG_WARN_SUSPICIOUS_MOVE = YES;
				CLANG_WARN_UNGUARDED_AVAILABILITY = YES_AGGRESSIVE;
				CLANG_WARN_UNREACHABLE_CODE = YES;
				CLANG_WARN__DUPLICATE_METHOD_MATCH = YES;
				CODE_SIGN_IDENTITY = "iPhone Developer";
				COPY_PHASE_STRIP = NO;
				DEBUG_INFORMATION_FORMAT = "dwarf-with-dsym";
				ENABLE_NS_ASSERTIONS = NO;
				ENABLE_STRICT_OBJC_MSGSEND = YES;
				GCC_C_LANGUAGE_STANDARD = gnu11;
				GCC_NO_COMMON_BLOCKS = YES;
				GCC_WARN_64_TO_32_BIT_CONVERSION = YES;
				GCC_WARN_ABOUT_RETURN_TYPE = YES_ERROR;
				GCC_WARN_UNDECLARED_SELECTOR = YES;
				GCC_WARN_UNINITIALIZED_AUTOS = YES_AGGRESSIVE;
				GCC_WARN_UNUSED_FUNCTION = YES;
				GCC_WARN_UNUSED_VARIABLE = YES;
				IPHONEOS_DEPLOYMENT_TARGET = 11.0;
				MTL_ENABLE_DEBUG_INFO = NO;
				SDKROOT = iphoneos;
				SWIFT_OPTIMIZATION_LEVEL = "-Owholemodule";
				VALIDATE_PRODUCT = YES;
			};
			name = Release;
		};
		5BF1B37D1F9D8021007817D0 /* Debug */ = {
			isa = XCBuildConfiguration;
			buildSettings = {
				ASSETCATALOG_COMPILER_APPICON_NAME = AppIcon;
				CODE_SIGN_STYLE = Automatic;
				INFOPLIST_FILE = TodayNews/Info.plist;
				LD_RUNPATH_SEARCH_PATHS = "$(inherited) @executable_path/Frameworks";
				PRODUCT_BUNDLE_IDENTIFIER = test.TodayNews;
				PRODUCT_NAME = "$(TARGET_NAME)";
				SWIFT_VERSION = 4.0;
				TARGETED_DEVICE_FAMILY = "1,2";
			};
			name = Debug;
		};
		5BF1B37E1F9D8021007817D0 /* Release */ = {
			isa = XCBuildConfiguration;
			buildSettings = {
				ASSETCATALOG_COMPILER_APPICON_NAME = AppIcon;
				CODE_SIGN_STYLE = Automatic;
				INFOPLIST_FILE = TodayNews/Info.plist;
				LD_RUNPATH_SEARCH_PATHS = "$(inherited) @executable_path/Frameworks";
				PRODUCT_BUNDLE_IDENTIFIER = test.TodayNews;
				PRODUCT_NAME = "$(TARGET_NAME)";
				SWIFT_VERSION = 4.0;
				TARGETED_DEVICE_FAMILY = "1,2";
			};
			name = Release;
		};
		5BF1B3801F9D8021007817D0 /* Debug */ = {
			isa = XCBuildConfiguration;
			buildSettings = {
				ALWAYS_EMBED_SWIFT_STANDARD_LIBRARIES = YES;
				BUNDLE_LOADER = "$(TEST_HOST)";
				CODE_SIGN_STYLE = Automatic;
				INFOPLIST_FILE = TodayNewsTests/Info.plist;
				LD_RUNPATH_SEARCH_PATHS = "$(inherited) @executable_path/Frameworks @loader_path/Frameworks";
				PRODUCT_BUNDLE_IDENTIFIER = test.TodayNewsTests;
				PRODUCT_NAME = "$(TARGET_NAME)";
				SWIFT_VERSION = 4.0;
				TARGETED_DEVICE_FAMILY = "1,2";
				TEST_HOST = "$(BUILT_PRODUCTS_DIR)/TodayNews.app/TodayNews";
			};
			name = Debug;
		};
		5BF1B3811F9D8021007817D0 /* Release */ = {
			isa = XCBuildConfiguration;
			buildSettings = {
				ALWAYS_EMBED_SWIFT_STANDARD_LIBRARIES = YES;
				BUNDLE_LOADER = "$(TEST_HOST)";
				CODE_SIGN_STYLE = Automatic;
				INFOPLIST_FILE = TodayNewsTests/Info.plist;
				LD_RUNPATH_SEARCH_PATHS = "$(inherited) @executable_path/Frameworks @loader_path/Frameworks";
				PRODUCT_BUNDLE_IDENTIFIER = test.TodayNewsTests;
				PRODUCT_NAME = "$(TARGET_NAME)";
				SWIFT_VERSION = 4.0;
				TARGETED_DEVICE_FAMILY = "1,2";
				TEST_HOST = "$(BUILT_PRODUCTS_DIR)/TodayNews.app/TodayNews";
			};
			name = Release;
		};
		5BF1B3831F9D8021007817D0 /* Debug */ = {
			isa = XCBuildConfiguration;
			buildSettings = {
				ALWAYS_EMBED_SWIFT_STANDARD_LIBRARIES = YES;
				CODE_SIGN_STYLE = Automatic;
				INFOPLIST_FILE = TodayNewsUITests/Info.plist;
				LD_RUNPATH_SEARCH_PATHS = "$(inherited) @executable_path/Frameworks @loader_path/Frameworks";
				PRODUCT_BUNDLE_IDENTIFIER = test.TodayNewsUITests;
				PRODUCT_NAME = "$(TARGET_NAME)";
				SWIFT_VERSION = 4.0;
				TARGETED_DEVICE_FAMILY = "1,2";
				TEST_TARGET_NAME = TodayNews;
			};
			name = Debug;
		};
		5BF1B3841F9D8021007817D0 /* Release */ = {
			isa = XCBuildConfiguration;
			buildSettings = {
				ALWAYS_EMBED_SWIFT_STANDARD_LIBRARIES = YES;
				CODE_SIGN_STYLE = Automatic;
				INFOPLIST_FILE = TodayNewsUITests/Info.plist;
				LD_RUNPATH_SEARCH_PATHS = "$(inherited) @executable_path/Frameworks @loader_path/Frameworks";
				PRODUCT_BUNDLE_IDENTIFIER = test.TodayNewsUITests;
				PRODUCT_NAME = "$(TARGET_NAME)";
				SWIFT_VERSION = 4.0;
				TARGETED_DEVICE_FAMILY = "1,2";
				TEST_TARGET_NAME = TodayNews;
			};
			name = Release;
		};
/* End XCBuildConfiguration section */

/* Begin XCConfigurationList section */
		5BF1B34F1F9D8021007817D0 /* Build configuration list for PBXProject "TodayNews" */ = {
			isa = XCConfigurationList;
			buildConfigurations = (
				5BF1B37A1F9D8021007817D0 /* Debug */,
				5BF1B37B1F9D8021007817D0 /* Release */,
			);
			defaultConfigurationIsVisible = 0;
			defaultConfigurationName = Release;
		};
		5BF1B37C1F9D8021007817D0 /* Build configuration list for PBXNativeTarget "TodayNews" */ = {
			isa = XCConfigurationList;
			buildConfigurations = (
				5BF1B37D1F9D8021007817D0 /* Debug */,
				5BF1B37E1F9D8021007817D0 /* Release */,
			);
			defaultConfigurationIsVisible = 0;
			defaultConfigurationName = Release;
		};
		5BF1B37F1F9D8021007817D0 /* Build configuration list for PBXNativeTarget "TodayNewsTests" */ = {
			isa = XCConfigurationList;
			buildConfigurations = (
				5BF1B3801F9D8021007817D0 /* Debug */,
				5BF1B3811F9D8021007817D0 /* Release */,
			);
			defaultConfigurationIsVisible = 0;
			defaultConfigurationName = Release;
		};
		5BF1B3821F9D8021007817D0 /* Build configuration list for PBXNativeTarget "TodayNewsUITests" */ = {
			isa = XCConfigurationList;
			buildConfigurations = (
				5BF1B3831F9D8021007817D0 /* Debug */,
				5BF1B3841F9D8021007817D0 /* Release */,
			);
			defaultConfigurationIsVisible = 0;
			defaultConfigurationName = Release;
		};
/* End XCConfigurationList section */
	};
	rootObject = 5BF1B34C1F9D8021007817D0 /* Project object */;
}
